schema: '2.0'
stages:
  split:
    cmd: python src/split.py
    deps:
    - path: dataset/data
      hash: md5
      md5: 735891fde4a4ef0c09856aa32e83a8b5.dir
      size: 805843468
      nfiles: 40
    - path: src/split.py
      hash: md5
      md5: 5c1e80c30cf58610b9c968d67ada211b
      size: 2616
    params:
      params.yaml:
        split.box_size: 1024
        split.overlap: 0.5
        split.shuffle_dataset: true
        split.test_path: split/test
        split.test_size: 2
        split.train_path: split/train
        split.train_size: 20
    outs:
    - path: split/dataset_data.json
      hash: md5
      md5: ef9291ef592511bae3af0fdb6f323a41
      size: 117
  train:
    cmd: python src/train.py
    deps:
    - path: split/dataset_data.json
      hash: md5
      md5: ef9291ef592511bae3af0fdb6f323a41
      size: 117
    - path: src/train.py
      hash: md5
      md5: 02db6fba308b990231bc66cf172ec320
      size: 4407
    params:
      params.yaml:
        train.batch: 1
        train.epochs: 50
        train.start_model_name: sam_vit_b_01ec64.pth
        variable.run_name: alpha
    outs:
    - path: model/train_data.json
      hash: md5
      md5: 0ee62a15348b33375853516ca7986e78
      size: 192
    - path: plot/train/loss_scores_dict.json
      hash: md5
      md5: fbb0f1f56cc69b4d6af18f34cc406f3d
      size: 5303
  evaluate:
    cmd: python src/evaluate.py
    deps:
    - path: model/train_data.json
      hash: md5
      md5: 0ee62a15348b33375853516ca7986e78
      size: 192
    - path: src/evaluate.py
      hash: md5
      md5: 437fd71066fb042374b903cf095a3607
      size: 3432
    outs:
    - path: eval/metrics.json
      hash: md5
      md5: 9869559316f984ddc51bc316843b2592
      size: 129
  infer:
    cmd: python src/infer.py
    deps:
    - path: model/train_data.json
      hash: md5
      md5: 0ee62a15348b33375853516ca7986e78
      size: 192
    - path: src/infer.py
      hash: md5
      md5: b8dfe3b9a22ed24a107d64c829bd54c2
      size: 2567
    outs:
    - path: plot/infer/one.png
      hash: md5
      md5: bd40652c7e64cbcd51ea1b01aeb986f4
      size: 2592300
    - path: plot/infer/three.png
      hash: md5
      md5: c788ec29c7bd0a4348f4e672ff180231
      size: 3202261
    - path: plot/infer/two.png
      hash: md5
      md5: c08321d883bc3b7ee1a64a7e98e72292
      size: 3453696
